// !$*UTF8*$!
{
	archiveVersion = 1;
	classes = {
	};
	objectVersion = 56;
	objects = {

/* Begin PBXBuildFile section */
		194AEFE112901EAF5AEF1A96 /* Pods_Parking.framework in Frameworks */ = {isa = PBXBuildFile; fileRef = 1F1F2B3BE3EB48FF6B1FE895 /* Pods_Parking.framework */; };
		E730172B2A1CA4A3000CFE83 /* JsonData-Parking.json in Resources */ = {isa = PBXBuildFile; fileRef = E730172A2A1CA4A3000CFE83 /* JsonData-Parking.json */; };
		E730172E2A1DA30E000CFE83 /* ParkinglotDataManager.swift in Sources */ = {isa = PBXBuildFile; fileRef = E730172D2A1DA30E000CFE83 /* ParkinglotDataManager.swift */; };
		E73017312A1EEC17000CFE83 /* SearchTextField.swift in Sources */ = {isa = PBXBuildFile; fileRef = E73017302A1EEC16000CFE83 /* SearchTextField.swift */; };
		E764D30A2A171260007BB7F4 /* AppDelegate.swift in Sources */ = {isa = PBXBuildFile; fileRef = E764D3092A171260007BB7F4 /* AppDelegate.swift */; };
		E764D30C2A171260007BB7F4 /* SceneDelegate.swift in Sources */ = {isa = PBXBuildFile; fileRef = E764D30B2A171260007BB7F4 /* SceneDelegate.swift */; };
		E764D3132A171261007BB7F4 /* Assets.xcassets in Resources */ = {isa = PBXBuildFile; fileRef = E764D3122A171261007BB7F4 /* Assets.xcassets */; };
		E764D3162A171261007BB7F4 /* LaunchScreen.storyboard in Resources */ = {isa = PBXBuildFile; fileRef = E764D3142A171261007BB7F4 /* LaunchScreen.storyboard */; };
		E764D3232A17174D007BB7F4 /* MapViewController.swift in Sources */ = {isa = PBXBuildFile; fileRef = E764D3222A17174D007BB7F4 /* MapViewController.swift */; };
		E7EF0A462A1C9374009AAB29 /* ParkinglotDTO.swift in Sources */ = {isa = PBXBuildFile; fileRef = E7EF0A452A1C9374009AAB29 /* ParkinglotDTO.swift */; };
/* End PBXBuildFile section */

/* Begin PBXFileReference section */
		1F1F2B3BE3EB48FF6B1FE895 /* Pods_Parking.framework */ = {isa = PBXFileReference; explicitFileType = wrapper.framework; includeInIndex = 0; path = Pods_Parking.framework; sourceTree = BUILT_PRODUCTS_DIR; };
		3FA1ED03C528D9A709E4F9AA /* Pods-Parking.release.xcconfig */ = {isa = PBXFileReference; includeInIndex = 1; lastKnownFileType = text.xcconfig; name = "Pods-Parking.release.xcconfig"; path = "Target Support Files/Pods-Parking/Pods-Parking.release.xcconfig"; sourceTree = "<group>"; };
		7EB0A09AA48E2F8E7EC005AD /* Pods-Parking.debug.xcconfig */ = {isa = PBXFileReference; includeInIndex = 1; lastKnownFileType = text.xcconfig; name = "Pods-Parking.debug.xcconfig"; path = "Target Support Files/Pods-Parking/Pods-Parking.debug.xcconfig"; sourceTree = "<group>"; };
		E730172A2A1CA4A3000CFE83 /* JsonData-Parking.json */ = {isa = PBXFileReference; lastKnownFileType = text.json; path = "JsonData-Parking.json"; sourceTree = "<group>"; };
		E730172D2A1DA30E000CFE83 /* ParkinglotDataManager.swift */ = {isa = PBXFileReference; lastKnownFileType = sourcecode.swift; path = ParkinglotDataManager.swift; sourceTree = "<group>"; };
		E73017302A1EEC16000CFE83 /* SearchTextField.swift */ = {isa = PBXFileReference; lastKnownFileType = sourcecode.swift; path = SearchTextField.swift; sourceTree = "<group>"; };
		E764D3062A171260007BB7F4 /* Parking.app */ = {isa = PBXFileReference; explicitFileType = wrapper.application; includeInIndex = 0; path = Parking.app; sourceTree = BUILT_PRODUCTS_DIR; };
		E764D3092A171260007BB7F4 /* AppDelegate.swift */ = {isa = PBXFileReference; lastKnownFileType = sourcecode.swift; path = AppDelegate.swift; sourceTree = "<group>"; };
		E764D30B2A171260007BB7F4 /* SceneDelegate.swift */ = {isa = PBXFileReference; lastKnownFileType = sourcecode.swift; path = SceneDelegate.swift; sourceTree = "<group>"; };
		E764D3122A171261007BB7F4 /* Assets.xcassets */ = {isa = PBXFileReference; lastKnownFileType = folder.assetcatalog; path = Assets.xcassets; sourceTree = "<group>"; };
		E764D3152A171261007BB7F4 /* Base */ = {isa = PBXFileReference; lastKnownFileType = file.storyboard; name = Base; path = Base.lproj/LaunchScreen.storyboard; sourceTree = "<group>"; };
		E764D3172A171261007BB7F4 /* Info.plist */ = {isa = PBXFileReference; lastKnownFileType = text.plist.xml; path = Info.plist; sourceTree = "<group>"; };
		E764D3222A17174D007BB7F4 /* MapViewController.swift */ = {isa = PBXFileReference; lastKnownFileType = sourcecode.swift; path = MapViewController.swift; sourceTree = "<group>"; };
		E7EF0A452A1C9374009AAB29 /* ParkinglotDTO.swift */ = {isa = PBXFileReference; lastKnownFileType = sourcecode.swift; path = ParkinglotDTO.swift; sourceTree = "<group>"; };
/* End PBXFileReference section */

/* Begin PBXFrameworksBuildPhase section */
		E764D3032A171260007BB7F4 /* Frameworks */ = {
			isa = PBXFrameworksBuildPhase;
			buildActionMask = 2147483647;
			files = (
				194AEFE112901EAF5AEF1A96 /* Pods_Parking.framework in Frameworks */,
			);
			runOnlyForDeploymentPostprocessing = 0;
		};
/* End PBXFrameworksBuildPhase section */

/* Begin PBXGroup section */
		08DFE2FD0032F0556DFAD058 /* Frameworks */ = {
			isa = PBXGroup;
			children = (
				1F1F2B3BE3EB48FF6B1FE895 /* Pods_Parking.framework */,
			);
			name = Frameworks;
			sourceTree = "<group>";
		};
		DE3C866758CC5351FD808753 /* Pods */ = {
			isa = PBXGroup;
			children = (
				7EB0A09AA48E2F8E7EC005AD /* Pods-Parking.debug.xcconfig */,
				3FA1ED03C528D9A709E4F9AA /* Pods-Parking.release.xcconfig */,
			);
			path = Pods;
			sourceTree = "<group>";
		};
		E730172F2A1EEBE2000CFE83 /* Views */ = {
			isa = PBXGroup;
			children = (
				E73017302A1EEC16000CFE83 /* SearchTextField.swift */,
			);
			path = Views;
			sourceTree = "<group>";
		};
		E764D2FD2A171260007BB7F4 = {
			isa = PBXGroup;
			children = (
				E764D3082A171260007BB7F4 /* Parking */,
				E764D3072A171260007BB7F4 /* Products */,
				DE3C866758CC5351FD808753 /* Pods */,
				08DFE2FD0032F0556DFAD058 /* Frameworks */,
			);
			sourceTree = "<group>";
		};
		E764D3072A171260007BB7F4 /* Products */ = {
			isa = PBXGroup;
			children = (
				E764D3062A171260007BB7F4 /* Parking.app */,
			);
			name = Products;
			sourceTree = "<group>";
		};
		E764D3082A171260007BB7F4 /* Parking */ = {
			isa = PBXGroup;
			children = (
				E764D31F2A1712F3007BB7F4 /* Sources */,
				E764D31D2A1712A1007BB7F4 /* Resources */,
				E764D3202A17136B007BB7F4 /* Supporting Files */,
			);
			path = Parking;
			sourceTree = "<group>";
		};
		E764D31D2A1712A1007BB7F4 /* Resources */ = {
			isa = PBXGroup;
			children = (
				E764D3122A171261007BB7F4 /* Assets.xcassets */,
				E764D3142A171261007BB7F4 /* LaunchScreen.storyboard */,
				E730172A2A1CA4A3000CFE83 /* JsonData-Parking.json */,
			);
			path = Resources;
			sourceTree = "<group>";
		};
		E764D31F2A1712F3007BB7F4 /* Sources */ = {
			isa = PBXGroup;
			children = (
				E764D3092A171260007BB7F4 /* AppDelegate.swift */,
				E764D30B2A171260007BB7F4 /* SceneDelegate.swift */,
				E7EF0A3A2A1C5FC5009AAB29 /* Model */,
				E764D3212A17139C007BB7F4 /* ViewControllers */,
				E730172F2A1EEBE2000CFE83 /* Views */,
			);
			path = Sources;
			sourceTree = "<group>";
		};
		E764D3202A17136B007BB7F4 /* Supporting Files */ = {
			isa = PBXGroup;
			children = (
				E764D3172A171261007BB7F4 /* Info.plist */,
			);
			path = "Supporting Files";
			sourceTree = "<group>";
		};
		E764D3212A17139C007BB7F4 /* ViewControllers */ = {
			isa = PBXGroup;
			children = (
				E764D3222A17174D007BB7F4 /* MapViewController.swift */,
			);
			path = ViewControllers;
			sourceTree = "<group>";
		};
		E7EF0A3A2A1C5FC5009AAB29 /* Model */ = {
			isa = PBXGroup;
			children = (
				E7EF0A452A1C9374009AAB29 /* ParkinglotDTO.swift */,
				E730172D2A1DA30E000CFE83 /* ParkinglotDataManager.swift */,
			);
			path = Model;
			sourceTree = "<group>";
		};
/* End PBXGroup section */

/* Begin PBXNativeTarget section */
		E764D3052A171260007BB7F4 /* Parking */ = {
			isa = PBXNativeTarget;
			buildConfigurationList = E764D31A2A171261007BB7F4 /* Build configuration list for PBXNativeTarget "Parking" */;
			buildPhases = (
				797CF62A28E76A4AC88F7885 /* [CP] Check Pods Manifest.lock */,
				E764D3022A171260007BB7F4 /* Sources */,
				E764D3032A171260007BB7F4 /* Frameworks */,
				E764D3042A171260007BB7F4 /* Resources */,
				608C441FC27C48312D3E081B /* [CP] Embed Pods Frameworks */,
			);
			buildRules = (
			);
			dependencies = (
			);
			name = Parking;
			productName = Parking;
			productReference = E764D3062A171260007BB7F4 /* Parking.app */;
			productType = "com.apple.product-type.application";
		};
/* End PBXNativeTarget section */

/* Begin PBXProject section */
		E764D2FE2A171260007BB7F4 /* Project object */ = {
			isa = PBXProject;
			attributes = {
				BuildIndependentTargetsInParallel = 1;
				LastSwiftUpdateCheck = 1430;
				LastUpgradeCheck = 1430;
				TargetAttributes = {
					E764D3052A171260007BB7F4 = {
						CreatedOnToolsVersion = 14.3;
					};
				};
			};
			buildConfigurationList = E764D3012A171260007BB7F4 /* Build configuration list for PBXProject "Parking" */;
			compatibilityVersion = "Xcode 14.0";
			developmentRegion = en;
			hasScannedForEncodings = 0;
			knownRegions = (
				en,
				Base,
			);
			mainGroup = E764D2FD2A171260007BB7F4;
			productRefGroup = E764D3072A171260007BB7F4 /* Products */;
			projectDirPath = "";
			projectRoot = "";
			targets = (
				E764D3052A171260007BB7F4 /* Parking */,
			);
		};
/* End PBXProject section */

/* Begin PBXResourcesBuildPhase section */
		E764D3042A171260007BB7F4 /* Resources */ = {
			isa = PBXResourcesBuildPhase;
			buildActionMask = 2147483647;
			files = (
				E764D3162A171261007BB7F4 /* LaunchScreen.storyboard in Resources */,
				E730172B2A1CA4A3000CFE83 /* JsonData-Parking.json in Resources */,
				E764D3132A171261007BB7F4 /* Assets.xcassets in Resources */,
			);
			runOnlyForDeploymentPostprocessing = 0;
		};
/* End PBXResourcesBuildPhase section */

/* Begin PBXShellScriptBuildPhase section */
		608C441FC27C48312D3E081B /* [CP] Embed Pods Frameworks */ = {
			isa = PBXShellScriptBuildPhase;
			buildActionMask = 2147483647;
			files = (
			);
			inputFileListPaths = (
				"${PODS_ROOT}/Target Support Files/Pods-Parking/Pods-Parking-frameworks-${CONFIGURATION}-input-files.xcfilelist",
			);
			name = "[CP] Embed Pods Frameworks";
			outputFileListPaths = (
				"${PODS_ROOT}/Target Support Files/Pods-Parking/Pods-Parking-frameworks-${CONFIGURATION}-output-files.xcfilelist",
			);
			runOnlyForDeploymentPostprocessing = 0;
			shellPath = /bin/sh;
			shellScript = "\"${PODS_ROOT}/Target Support Files/Pods-Parking/Pods-Parking-frameworks.sh\"\n";
			showEnvVarsInLog = 0;
		};
		797CF62A28E76A4AC88F7885 /* [CP] Check Pods Manifest.lock */ = {
			isa = PBXShellScriptBuildPhase;
			buildActionMask = 2147483647;
			files = (
			);
			inputFileListPaths = (
			);
			inputPaths = (
				"${PODS_PODFILE_DIR_PATH}/Podfile.lock",
				"${PODS_ROOT}/Manifest.lock",
			);
			name = "[CP] Check Pods Manifest.lock";
			outputFileListPaths = (
			);
			outputPaths = (
				"$(DERIVED_FILE_DIR)/Pods-Parking-checkManifestLockResult.txt",
			);
			runOnlyForDeploymentPostprocessing = 0;
			shellPath = /bin/sh;
			shellScript = "diff \"${PODS_PODFILE_DIR_PATH}/Podfile.lock\" \"${PODS_ROOT}/Manifest.lock\" > /dev/null\nif [ $? != 0 ] ; then\n    # print error to STDERR\n    echo \"error: The sandbox is not in sync with the Podfile.lock. Run 'pod install' or update your CocoaPods installation.\" >&2\n    exit 1\nfi\n# This output is used by Xcode 'outputs' to avoid re-running this script phase.\necho \"SUCCESS\" > \"${SCRIPT_OUTPUT_FILE_0}\"\n";
			showEnvVarsInLog = 0;
		};
/* End PBXShellScriptBuildPhase section */

/* Begin PBXSourcesBuildPhase section */
		E764D3022A171260007BB7F4 /* Sources */ = {
			isa = PBXSourcesBuildPhase;
			buildActionMask = 2147483647;
			files = (
				E764D30A2A171260007BB7F4 /* AppDelegate.swift in Sources */,
				E764D3232A17174D007BB7F4 /* MapViewController.swift in Sources */,
				E730172E2A1DA30E000CFE83 /* ParkinglotDataManager.swift in Sources */,
				E764D30C2A171260007BB7F4 /* SceneDelegate.swift in Sources */,
				E7EF0A462A1C9374009AAB29 /* ParkinglotDTO.swift in Sources */,
				E73017312A1EEC17000CFE83 /* SearchTextField.swift in Sources */,
			);
			runOnlyForDeploymentPostprocessing = 0;
		};
/* End PBXSourcesBuildPhase section */

/* Begin PBXVariantGroup section */
		E764D3142A171261007BB7F4 /* LaunchScreen.storyboard */ = {
			isa = PBXVariantGroup;
			children = (
				E764D3152A171261007BB7F4 /* Base */,
			);
			name = LaunchScreen.storyboard;
			sourceTree = "<group>";
		};
/* End PBXVariantGroup section */

/* Begin XCBuildConfiguration section */
		E764D3182A171261007BB7F4 /* Debug */ = {
			isa = XCBuildConfiguration;
			buildSettings = {
				ALWAYS_SEARCH_USER_PATHS = NO;
				CLANG_ANALYZER_NONNULL = YES;
				CLANG_ANALYZER_NUMBER_OBJECT_CONVERSION = YES_AGGRESSIVE;
				CLANG_CXX_LANGUAGE_STANDARD = "gnu++20";
				CLANG_ENABLE_MODULES = YES;
				CLANG_ENABLE_OBJC_ARC = YES;
				CLANG_ENABLE_OBJC_WEAK = YES;
				CLANG_WARN_BLOCK_CAPTURE_AUTORELEASING = YES;
				CLANG_WARN_BOOL_CONVERSION = YES;
				CLANG_WARN_COMMA = YES;
				CLANG_WARN_CONSTANT_CONVERSION = YES;
				CLANG_WARN_DEPRECATED_OBJC_IMPLEMENTATIONS = YES;
				CLANG_WARN_DIRECT_OBJC_ISA_USAGE = YES_ERROR;
				CLANG_WARN_DOCUMENTATION_COMMENTS = YES;
				CLANG_WARN_EMPTY_BODY = YES;
				CLANG_WARN_ENUM_CONVERSION = YES;
				CLANG_WARN_INFINITE_RECURSION = YES;
				CLANG_WARN_INT_CONVERSION = YES;
				CLANG_WARN_NON_LITERAL_NULL_CONVERSION = YES;
				CLANG_WARN_OBJC_IMPLICIT_RETAIN_SELF = YES;
				CLANG_WARN_OBJC_LITERAL_CONVERSION = YES;
				CLANG_WARN_OBJC_ROOT_CLASS = YES_ERROR;
				CLANG_WARN_QUOTED_INCLUDE_IN_FRAMEWORK_HEADER = YES;
				CLANG_WARN_RANGE_LOOP_ANALYSIS = YES;
				CLANG_WARN_STRICT_PROTOTYPES = YES;
				CLANG_WARN_SUSPICIOUS_MOVE = YES;
				CLANG_WARN_UNGUARDED_AVAILABILITY = YES_AGGRESSIVE;
				CLANG_WARN_UNREACHABLE_CODE = YES;
				CLANG_WARN__DUPLICATE_METHOD_MATCH = YES;
				COPY_PHASE_STRIP = NO;
				DEBUG_INFORMATION_FORMAT = dwarf;
				ENABLE_STRICT_OBJC_MSGSEND = YES;
				ENABLE_TESTABILITY = YES;
				GCC_C_LANGUAGE_STANDARD = gnu11;
				GCC_DYNAMIC_NO_PIC = NO;
				GCC_NO_COMMON_BLOCKS = YES;
				GCC_OPTIMIZATION_LEVEL = 0;
				GCC_PREPROCESSOR_DEFINITIONS = (
					"DEBUG=1",
					"$(inherited)",
				);
				GCC_WARN_64_TO_32_BIT_CONVERSION = YES;
				GCC_WARN_ABOUT_RETURN_TYPE = YES_ERROR;
				GCC_WARN_UNDECLARED_SELECTOR = YES;
				GCC_WARN_UNINITIALIZED_AUTOS = YES_AGGRESSIVE;
				GCC_WARN_UNUSED_FUNCTION = YES;
				GCC_WARN_UNUSED_VARIABLE = YES;
				IPHONEOS_DEPLOYMENT_TARGET = 16.4;
				MTL_ENABLE_DEBUG_INFO = INCLUDE_SOURCE;
				MTL_FAST_MATH = YES;
				ONLY_ACTIVE_ARCH = YES;
				SDKROOT = iphoneos;
				SWIFT_ACTIVE_COMPILATION_CONDITIONS = DEBUG;
				SWIFT_OPTIMIZATION_LEVEL = "-Onone";
			};
			name = Debug;
		};
		E764D3192A171261007BB7F4 /* Release */ = {
			isa = XCBuildConfiguration;
			buildSettings = {
				ALWAYS_SEARCH_USER_PATHS = NO;
				CLANG_ANALYZER_NONNULL = YES;
				CLANG_ANALYZER_NUMBER_OBJECT_CONVERSION = YES_AGGRESSIVE;
				CLANG_CXX_LANGUAGE_STANDARD = "gnu++20";
				CLANG_ENABLE_MODULES = YES;
				CLANG_ENABLE_OBJC_ARC = YES;
				CLANG_ENABLE_OBJC_WEAK = YES;
				CLANG_WARN_BLOCK_CAPTURE_AUTORELEASING = YES;
				CLANG_WARN_BOOL_CONVERSION = YES;
				CLANG_WARN_COMMA = YES;
				CLANG_WARN_CONSTANT_CONVERSION = YES;
				CLANG_WARN_DEPRECATED_OBJC_IMPLEMENTATIONS = YES;
				CLANG_WARN_DIRECT_OBJC_ISA_USAGE = YES_ERROR;
				CLANG_WARN_DOCUMENTATION_COMMENTS = YES;
				CLANG_WARN_EMPTY_BODY = YES;
				CLANG_WARN_ENUM_CONVERSION = YES;
				CLANG_WARN_INFINITE_RECURSION = YES;
				CLANG_WARN_INT_CONVERSION = YES;
				CLANG_WARN_NON_LITERAL_NULL_CONVERSION = YES;
				CLANG_WARN_OBJC_IMPLICIT_RETAIN_SELF = YES;
				CLANG_WARN_OBJC_LITERAL_CONVERSION = YES;
				CLANG_WARN_OBJC_ROOT_CLASS = YES_ERROR;
				CLANG_WARN_QUOTED_INCLUDE_IN_FRAMEWORK_HEADER = YES;
				CLANG_WARN_RANGE_LOOP_ANALYSIS = YES;
				CLANG_WARN_STRICT_PROTOTYPES = YES;
				CLANG_WARN_SUSPICIOUS_MOVE = YES;
				CLANG_WARN_UNGUARDED_AVAILABILITY = YES_AGGRESSIVE;
				CLANG_WARN_UNREACHABLE_CODE = YES;
				CLANG_WARN__DUPLICATE_METHOD_MATCH = YES;
				COPY_PHASE_STRIP = NO;
				DEBUG_INFORMATION_FORMAT = "dwarf-with-dsym";
				ENABLE_NS_ASSERTIONS = NO;
				ENABLE_STRICT_OBJC_MSGSEND = YES;
				GCC_C_LANGUAGE_STANDARD = gnu11;
				GCC_NO_COMMON_BLOCKS = YES;
				GCC_WARN_64_TO_32_BIT_CONVERSION = YES;
				GCC_WARN_ABOUT_RETURN_TYPE = YES_ERROR;
				GCC_WARN_UNDECLARED_SELECTOR = YES;
				GCC_WARN_UNINITIALIZED_AUTOS = YES_AGGRESSIVE;
				GCC_WARN_UNUSED_FUNCTION = YES;
				GCC_WARN_UNUSED_VARIABLE = YES;
				IPHONEOS_DEPLOYMENT_TARGET = 16.4;
				MTL_ENABLE_DEBUG_INFO = NO;
				MTL_FAST_MATH = YES;
				SDKROOT = iphoneos;
				SWIFT_COMPILATION_MODE = wholemodule;
				SWIFT_OPTIMIZATION_LEVEL = "-O";
				VALIDATE_PRODUCT = YES;
			};
			name = Release;
		};
		E764D31B2A171261007BB7F4 /* Debug */ = {
			isa = XCBuildConfiguration;
			baseConfigurationReference = 7EB0A09AA48E2F8E7EC005AD /* Pods-Parking.debug.xcconfig */;
			buildSettings = {
				ASSETCATALOG_COMPILER_APPICON_NAME = AppIcon;
				ASSETCATALOG_COMPILER_GLOBAL_ACCENT_COLOR_NAME = AccentColor;
				CODE_SIGN_STYLE = Automatic;
				CURRENT_PROJECT_VERSION = 1;
				DEVELOPMENT_TEAM = M699MK7K5C;
				GENERATE_INFOPLIST_FILE = YES;
				INFOPLIST_FILE = "Parking/Supporting Files/Info.plist";
				INFOPLIST_KEY_UIApplicationSupportsIndirectInputEvents = YES;
				INFOPLIST_KEY_UILaunchStoryboardName = LaunchScreen;
				INFOPLIST_KEY_UIMainStoryboardFile = "";
				INFOPLIST_KEY_UISupportedInterfaceOrientations_iPad = "UIInterfaceOrientationPortrait UIInterfaceOrientationPortraitUpsideDown UIInterfaceOrientationLandscapeLeft UIInterfaceOrientationLandscapeRight";
				INFOPLIST_KEY_UISupportedInterfaceOrientations_iPhone = "UIInterfaceOrientationPortrait UIInterfaceOrientationLandscapeLeft UIInterfaceOrientationLandscapeRight";
				IPHONEOS_DEPLOYMENT_TARGET = 14.5;
				LD_RUNPATH_SEARCH_PATHS = (
					"$(inherited)",
					"@executable_path/Frameworks",
				);
				MARKETING_VERSION = 1.0;
				PRODUCT_BUNDLE_IDENTIFIER = com.doshkor.Parking;
				PRODUCT_NAME = "$(TARGET_NAME)";
				SWIFT_EMIT_LOC_STRINGS = YES;
				SWIFT_VERSION = 5.0;
				TARGETED_DEVICE_FAMILY = "1,2";
			};
			name = Debug;
		};
		E764D31C2A171261007BB7F4 /* Release */ = {
			isa = XCBuildConfiguration;
			baseConfigurationReference = 3FA1ED03C528D9A709E4F9AA /* Pods-Parking.release.xcconfig */;
			buildSettings = {
				ASSETCATALOG_COMPILER_APPICON_NAME = AppIcon;
				ASSETCATALOG_COMPILER_GLOBAL_ACCENT_COLOR_NAME = AccentColor;
				CODE_SIGN_STYLE = Automatic;
				CURRENT_PROJECT_VERSION = 1;
				DEVELOPMENT_TEAM = M699MK7K5C;
				GENERATE_INFOPLIST_FILE = YES;
				INFOPLIST_FILE = "Parking/Supporting Files/Info.plist";
				INFOPLIST_KEY_UIApplicationSupportsIndirectInputEvents = YES;
				INFOPLIST_KEY_UILaunchStoryboardName = LaunchScreen;
				INFOPLIST_KEY_UIMainStoryboardFile = "";
				INFOPLIST_KEY_UISupportedInterfaceOrientations_iPad = "UIInterfaceOrientationPortrait UIInterfaceOrientationPortraitUpsideDown UIInterfaceOrientationLandscapeLeft UIInterfaceOrientationLandscapeRight";
				INFOPLIST_KEY_UISupportedInterfaceOrientations_iPhone = "UIInterfaceOrientationPortrait UIInterfaceOrientationLandscapeLeft UIInterfaceOrientationLandscapeRight";
				IPHONEOS_DEPLOYMENT_TARGET = 14.5;
				LD_RUNPATH_SEARCH_PATHS = (
					"$(inherited)",
					"@executable_path/Frameworks",
				);
				MARKETING_VERSION = 1.0;
				PRODUCT_BUNDLE_IDENTIFIER = com.doshkor.Parking;
				PRODUCT_NAME = "$(TARGET_NAME)";
				SWIFT_EMIT_LOC_STRINGS = YES;
				SWIFT_VERSION = 5.0;
				TARGETED_DEVICE_FAMILY = "1,2";
			};
			name = Release;
		};
/* End XCBuildConfiguration section */

/* Begin XCConfigurationList section */
		E764D3012A171260007BB7F4 /* Build configuration list for PBXProject "Parking" */ = {
			isa = XCConfigurationList;
			buildConfigurations = (
				E764D3182A171261007BB7F4 /* Debug */,
				E764D3192A171261007BB7F4 /* Release */,
			);
			defaultConfigurationIsVisible = 0;
			defaultConfigurationName = Release;
		};
		E764D31A2A171261007BB7F4 /* Build configuration list for PBXNativeTarget "Parking" */ = {
			isa = XCConfigurationList;
			buildConfigurations = (
				E764D31B2A171261007BB7F4 /* Debug */,
				E764D31C2A171261007BB7F4 /* Release */,
			);
			defaultConfigurationIsVisible = 0;
			defaultConfigurationName = Release;
		};
/* End XCConfigurationList section */
	};
	rootObject = E764D2FE2A171260007BB7F4 /* Project object */;
}
